
Microsoft Visual Studio Solution File, Format Version 12.00
# Visual Studio 15
VisualStudioVersion = 15.0.28010.2026
MinimumVisualStudioVersion = 10.0.40219.1
Project("{9A19103F-16F7-4668-BE54-9A1E7A4F7556}") = "FormsAdmin.Services", "src\FormsAdmin.Services\FormsAdmin.Services.csproj", "{52205D26-C56F-4857-A7C2-747A0566B311}"
EndProject
Project("{9A19103F-16F7-4668-BE54-9A1E7A4F7556}") = "FormsAdmin.RestfulAPI", "src\FormsAdmin.RestfulAPI\FormsAdmin.RestfulAPI.csproj", "{C3062277-BE12-425F-BE0E-B22373C4F1A5}"
EndProject
Project("{9A19103F-16F7-4668-BE54-9A1E7A4F7556}") = "FormsAdmin.Core", "src\FormsAdmin.Core\FormsAdmin.Core.csproj", "{92563A36-E514-4D43-8128-DE3F52963B72}"
EndProject
Global
	GlobalSection(SolutionConfigurationPlatforms) = preSolution
		Debug|Any CPU = Debug|Any CPU
		Release|Any CPU = Release|Any CPU
	EndGlobalSection
	GlobalSection(ProjectConfigurationPlatforms) = postSolution
		{52205D26-C56F-4857-A7C2-747A0566B311}.Debug|Any CPU.ActiveCfg = Debug|Any CPU
		{52205D26-C56F-4857-A7C2-747A0566B311}.Debug|Any CPU.Build.0 = Debug|Any CPU
		{52205D26-C56F-4857-A7C2-747A0566B311}.Release|Any CPU.ActiveCfg = Release|Any CPU
		{52205D26-C56F-4857-A7C2-747A0566B311}.Release|Any CPU.Build.0 = Release|Any CPU
		{C3062277-BE12-425F-BE0E-B22373C4F1A5}.Debug|Any CPU.ActiveCfg = Debug|Any CPU
		{C3062277-BE12-425F-BE0E-B22373C4F1A5}.Debug|Any CPU.Build.0 = Debug|Any CPU
		{C3062277-BE12-425F-BE0E-B22373C4F1A5}.Release|Any CPU.ActiveCfg = Release|Any CPU
		{C3062277-BE12-425F-BE0E-B22373C4F1A5}.Release|Any CPU.Build.0 = Release|Any CPU
		{92563A36-E514-4D43-8128-DE3F52963B72}.Debug|Any CPU.ActiveCfg = Debug|Any CPU
		{92563A36-E514-4D43-8128-DE3F52963B72}.Debug|Any CPU.Build.0 = Debug|Any CPU
		{92563A36-E514-4D43-8128-DE3F52963B72}.Release|Any CPU.ActiveCfg = Release|Any CPU
		{92563A36-E514-4D43-8128-DE3F52963B72}.Release|Any CPU.Build.0 = Release|Any CPU
	EndGlobalSection
	GlobalSection(SolutionProperties) = preSolution
		HideSolutionNode = FALSE
	EndGlobalSection
	GlobalSection(ExtensibilityGlobals) = postSolution
		SolutionGuid = {48B4A1D0-B751-4A6B-9674-767F5DBDD09E}
	EndGlobalSection
EndGlobal
